github.com/golang-oop/error v0.0.0-20240527134905-0411e80eb557 h1:zqlCRV/ims5vWmBp+s9fkAi7HaM4ie2JCGlIUeoC0eo=
github.com/golang-oop/error v0.0.0-20240527134905-0411e80eb557/go.mod h1:BUOCKtvB/+8SaYImGivuaEXzQ6dSivw1l/ijzn9nf08=
github.com/golang-oop/null v0.0.0-20240527135322-5ea6aaed8bf9 h1:d73lKALtDzCzEuG2Bzg/p9+ncZjqKZkv+aIyblPsM2I=
github.com/golang-oop/null v0.0.0-20240527135322-5ea6aaed8bf9/go.mod h1:+45K2m29Bz4n6+BDePrWwxOiPMOAgJ6JDi26XyiCVig=
